
Microsoft Visual Studio Solution File, Format Version 11.00
# Visual Studio 2010
Project("{FAE04EC0-301F-11D3-BF4B-00C04F79EFBC}") = "ElementQI", "Assembly-CSharp.csproj", "{B83FCA37-FDD7-43BD-F4A4-D4EAD23DA786}"
EndProject
Global
	GlobalSection(SolutionConfigurationPlatforms) = preSolution
		Debug|Any CPU = Debug|Any CPU
		Release|Any CPU = Release|Any CPU
	EndGlobalSection
	GlobalSection(ProjectConfigurationPlatforms) = postSolution
		{B83FCA37-FDD7-43BD-F4A4-D4EAD23DA786}.Debug|Any CPU.ActiveCfg = Debug|Any CPU
		{B83FCA37-FDD7-43BD-F4A4-D4EAD23DA786}.Debug|Any CPU.Build.0 = Debug|Any CPU
		{B83FCA37-FDD7-43BD-F4A4-D4EAD23DA786}.Release|Any CPU.ActiveCfg = Release|Any CPU
		{B83FCA37-FDD7-43BD-F4A4-D4EAD23DA786}.Release|Any CPU.Build.0 = Release|Any CPU
	EndGlobalSection
	GlobalSection(SolutionProperties) = preSolution
		HideSolutionNode = FALSE
	EndGlobalSection
	GlobalSection(MonoDevelopProperties) = preSolution
		StartupItem = Assembly-CSharp.csproj
	EndGlobalSection
EndGlobal
